
Microsoft Visual Studio Solution File, Format Version 12.00
# Visual Studio Version 17
VisualStudioVersion = 17.14.37111.16
MinimumVisualStudioVersion = 10.0.40219.1
Project("{FAE04EC0-301F-11D3-BF4B-00C04F79EFBC}") = "пр2", "пр2\пр2.csproj", "{77F60FCB-6CC6-4E75-BAFC-B20E11A9F817}"
EndProject
Project("{2150E333-8FDC-42A3-9474-1A3956D46DE8}") = "Элементы решения", "Элементы решения", "{754FC069-D67B-A9D7-50A1-8D1CA196D8F1}"
	ProjectSection(SolutionItems) = preProject
		shapes.txt = shapes.txt
	EndProjectSection
EndProject
Global
	GlobalSection(SolutionConfigurationPlatforms) = preSolution
		Debug|Any CPU = Debug|Any CPU
		Release|Any CPU = Release|Any CPU
	EndGlobalSection
	GlobalSection(ProjectConfigurationPlatforms) = postSolution
		{77F60FCB-6CC6-4E75-BAFC-B20E11A9F817}.Debug|Any CPU.ActiveCfg = Debug|Any CPU
		{77F60FCB-6CC6-4E75-BAFC-B20E11A9F817}.Debug|Any CPU.Build.0 = Debug|Any CPU
		{77F60FCB-6CC6-4E75-BAFC-B20E11A9F817}.Release|Any CPU.ActiveCfg = Release|Any CPU
		{77F60FCB-6CC6-4E75-BAFC-B20E11A9F817}.Release|Any CPU.Build.0 = Release|Any CPU
	EndGlobalSection
	GlobalSection(SolutionProperties) = preSolution
		HideSolutionNode = FALSE
	EndGlobalSection
	GlobalSection(ExtensibilityGlobals) = postSolution
		SolutionGuid = {E37541B3-BF9E-4138-B21F-02663B94E5EC}
	EndGlobalSection
EndGlobal
